// !$*UTF8*$!
{
	archiveVersion = 1;
	classes = {
	};
	objectVersion = 51;
	objects = {

/* Begin PBXBuildFile section */
		9F89E1CCCAEB4927A964F11A /* Pods_Parstagram_ParstagramUITests.framework in Frameworks */ = {isa = PBXBuildFile; fileRef = F3DD0F32F92EEB48D785B2B4 /* Pods_Parstagram_ParstagramUITests.framework */; };
		C1616A2C0B2DFCBE19FC55E7 /* Pods_ParstagramTests.framework in Frameworks */ = {isa = PBXBuildFile; fileRef = 74A2E14EE4068760E9231860 /* Pods_ParstagramTests.framework */; };
		DE1FF23C326580716CE9CEB7 /* Pods_Parstagram.framework in Frameworks */ = {isa = PBXBuildFile; fileRef = 5E7EF5BFCC77D04019805A56 /* Pods_Parstagram.framework */; };
		EE27B3562402E00D0051AB3F /* LoginViewController.swift in Sources */ = {isa = PBXBuildFile; fileRef = EE27B3552402E00D0051AB3F /* LoginViewController.swift */; };
		EE27B3582402E01E0051AB3F /* FeedViewController.swift in Sources */ = {isa = PBXBuildFile; fileRef = EE27B3572402E01E0051AB3F /* FeedViewController.swift */; };
		EE27B35A2402EE600051AB3F /* CameraViewController.swift in Sources */ = {isa = PBXBuildFile; fileRef = EE27B3592402EE600051AB3F /* CameraViewController.swift */; };
		EE27B35C24031CD80051AB3F /* PostCell.swift in Sources */ = {isa = PBXBuildFile; fileRef = EE27B35B24031CD80051AB3F /* PostCell.swift */; };
		EE6DB2F423FB5E3A007B077E /* AppDelegate.swift in Sources */ = {isa = PBXBuildFile; fileRef = EE6DB2F323FB5E3A007B077E /* AppDelegate.swift */; };
		EE6DB2F623FB5E3A007B077E /* SceneDelegate.swift in Sources */ = {isa = PBXBuildFile; fileRef = EE6DB2F523FB5E3A007B077E /* SceneDelegate.swift */; };
		EE6DB2FB23FB5E3A007B077E /* Main.storyboard in Resources */ = {isa = PBXBuildFile; fileRef = EE6DB2F923FB5E3A007B077E /* Main.storyboard */; };
		EE6DB2FD23FB5E40007B077E /* Assets.xcassets in Resources */ = {isa = PBXBuildFile; fileRef = EE6DB2FC23FB5E40007B077E /* Assets.xcassets */; };
		EE6DB30023FB5E40007B077E /* LaunchScreen.storyboard in Resources */ = {isa = PBXBuildFile; fileRef = EE6DB2FE23FB5E40007B077E /* LaunchScreen.storyboard */; };
		EE6DB30B23FB5E40007B077E /* ParstagramTests.swift in Sources */ = {isa = PBXBuildFile; fileRef = EE6DB30A23FB5E40007B077E /* ParstagramTests.swift */; };
		EE6DB31623FB5E40007B077E /* ParstagramUITests.swift in Sources */ = {isa = PBXBuildFile; fileRef = EE6DB31523FB5E40007B077E /* ParstagramUITests.swift */; };
		EE9EE9552407333300EDA67F /* AddCommentCell.swift in Sources */ = {isa = PBXBuildFile; fileRef = EE9EE9542407333300EDA67F /* AddCommentCell.swift */; };
		EEB386FD2405FE70008C87DF /* CommentCell.swift in Sources */ = {isa = PBXBuildFile; fileRef = EEB386FC2405FE70008C87DF /* CommentCell.swift */; };
/* End PBXBuildFile section */

/* Begin PBXContainerItemProxy section */
		EE6DB30723FB5E40007B077E /* PBXContainerItemProxy */ = {
			isa = PBXContainerItemProxy;
			containerPortal = EE6DB2E823FB5E3A007B077E /* Project object */;
			proxyType = 1;
			remoteGlobalIDString = EE6DB2EF23FB5E3A007B077E;
			remoteInfo = Parstagram;
		};
		EE6DB31223FB5E40007B077E /* PBXContainerItemProxy */ = {
			isa = PBXContainerItemProxy;
			containerPortal = EE6DB2E823FB5E3A007B077E /* Project object */;
			proxyType = 1;
			remoteGlobalIDString = EE6DB2EF23FB5E3A007B077E;
			remoteInfo = Parstagram;
		};
/* End PBXContainerItemProxy section */

/* Begin PBXFileReference section */
		132C8FCA04800292B2D381E5 /* Pods-Parstagram.debug.xcconfig */ = {isa = PBXFileReference; includeInIndex = 1; lastKnownFileType = text.xcconfig; name = "Pods-Parstagram.debug.xcconfig"; path = "Target Support Files/Pods-Parstagram/Pods-Parstagram.debug.xcconfig"; sourceTree = "<group>"; };
		358DB2638DABAD381653038D /* Pods-Parstagram-ParstagramUITests.release.xcconfig */ = {isa = PBXFileReference; includeInIndex = 1; lastKnownFileType = text.xcconfig; name = "Pods-Parstagram-ParstagramUITests.release.xcconfig"; path = "Target Support Files/Pods-Parstagram-ParstagramUITests/Pods-Parstagram-ParstagramUITests.release.xcconfig"; sourceTree = "<group>"; };
		509CE05DD90B2AECD42F48FF /* Pods-Parstagram-ParstagramUITests.debug.xcconfig */ = {isa = PBXFileReference; includeInIndex = 1; lastKnownFileType = text.xcconfig; name = "Pods-Parstagram-ParstagramUITests.debug.xcconfig"; path = "Target Support Files/Pods-Parstagram-ParstagramUITests/Pods-Parstagram-ParstagramUITests.debug.xcconfig"; sourceTree = "<group>"; };
		5E7EF5BFCC77D04019805A56 /* Pods_Parstagram.framework */ = {isa = PBXFileReference; explicitFileType = wrapper.framework; includeInIndex = 0; path = Pods_Parstagram.framework; sourceTree = BUILT_PRODUCTS_DIR; };
		74A2E14EE4068760E9231860 /* Pods_ParstagramTests.framework */ = {isa = PBXFileReference; explicitFileType = wrapper.framework; includeInIndex = 0; path = Pods_ParstagramTests.framework; sourceTree = BUILT_PRODUCTS_DIR; };
		789D8E0E9AF47A09D68C307F /* Pods-Parstagram.release.xcconfig */ = {isa = PBXFileReference; includeInIndex = 1; lastKnownFileType = text.xcconfig; name = "Pods-Parstagram.release.xcconfig"; path = "Target Support Files/Pods-Parstagram/Pods-Parstagram.release.xcconfig"; sourceTree = "<group>"; };
		C38EEDD7904A59BFA365FF08 /* Pods-ParstagramTests.release.xcconfig */ = {isa = PBXFileReference; includeInIndex = 1; lastKnownFileType = text.xcconfig; name = "Pods-ParstagramTests.release.xcconfig"; path = "Target Support Files/Pods-ParstagramTests/Pods-ParstagramTests.release.xcconfig"; sourceTree = "<group>"; };
		E68DB67E3BBC98E7667BBABB /* Pods-ParstagramTests.debug.xcconfig */ = {isa = PBXFileReference; includeInIndex = 1; lastKnownFileType = text.xcconfig; name = "Pods-ParstagramTests.debug.xcconfig"; path = "Target Support Files/Pods-ParstagramTests/Pods-ParstagramTests.debug.xcconfig"; sourceTree = "<group>"; };
		EE27B3552402E00D0051AB3F /* LoginViewController.swift */ = {isa = PBXFileReference; lastKnownFileType = sourcecode.swift; path = LoginViewController.swift; sourceTree = "<group>"; };
		EE27B3572402E01E0051AB3F /* FeedViewController.swift */ = {isa = PBXFileReference; lastKnownFileType = sourcecode.swift; path = FeedViewController.swift; sourceTree = "<group>"; };
		EE27B3592402EE600051AB3F /* CameraViewController.swift */ = {isa = PBXFileReference; lastKnownFileType = sourcecode.swift; path = CameraViewController.swift; sourceTree = "<group>"; };
		EE27B35B24031CD80051AB3F /* PostCell.swift */ = {isa = PBXFileReference; lastKnownFileType = sourcecode.swift; path = PostCell.swift; sourceTree = "<group>"; };
		EE6DB2F023FB5E3A007B077E /* Parstagram.app */ = {isa = PBXFileReference; explicitFileType = wrapper.application; includeInIndex = 0; path = Parstagram.app; sourceTree = BUILT_PRODUCTS_DIR; };
		EE6DB2F323FB5E3A007B077E /* AppDelegate.swift */ = {isa = PBXFileReference; lastKnownFileType = sourcecode.swift; path = AppDelegate.swift; sourceTree = "<group>"; };
		EE6DB2F523FB5E3A007B077E /* SceneDelegate.swift */ = {isa = PBXFileReference; lastKnownFileType = sourcecode.swift; path = SceneDelegate.swift; sourceTree = "<group>"; };
		EE6DB2FA23FB5E3A007B077E /* Base */ = {isa = PBXFileReference; lastKnownFileType = file.storyboard; name = Base; path = Base.lproj/Main.storyboard; sourceTree = "<group>"; };
		EE6DB2FC23FB5E40007B077E /* Assets.xcassets */ = {isa = PBXFileReference; lastKnownFileType = folder.assetcatalog; path = Assets.xcassets; sourceTree = "<group>"; };
		EE6DB2FF23FB5E40007B077E /* Base */ = {isa = PBXFileReference; lastKnownFileType = file.storyboard; name = Base; path = Base.lproj/LaunchScreen.storyboard; sourceTree = "<group>"; };
		EE6DB30123FB5E40007B077E /* Info.plist */ = {isa = PBXFileReference; lastKnownFileType = text.plist.xml; path = Info.plist; sourceTree = "<group>"; };
		EE6DB30623FB5E40007B077E /* ParstagramTests.xctest */ = {isa = PBXFileReference; explicitFileType = wrapper.cfbundle; includeInIndex = 0; path = ParstagramTests.xctest; sourceTree = BUILT_PRODUCTS_DIR; };
		EE6DB30A23FB5E40007B077E /* ParstagramTests.swift */ = {isa = PBXFileReference; lastKnownFileType = sourcecode.swift; path = ParstagramTests.swift; sourceTree = "<group>"; };
		EE6DB30C23FB5E40007B077E /* Info.plist */ = {isa = PBXFileReference; lastKnownFileType = text.plist.xml; path = Info.plist; sourceTree = "<group>"; };
		EE6DB31123FB5E40007B077E /* ParstagramUITests.xctest */ = {isa = PBXFileReference; explicitFileType = wrapper.cfbundle; includeInIndex = 0; path = ParstagramUITests.xctest; sourceTree = BUILT_PRODUCTS_DIR; };
		EE6DB31523FB5E40007B077E /* ParstagramUITests.swift */ = {isa = PBXFileReference; lastKnownFileType = sourcecode.swift; path = ParstagramUITests.swift; sourceTree = "<group>"; };
		EE6DB31723FB5E40007B077E /* Info.plist */ = {isa = PBXFileReference; lastKnownFileType = text.plist.xml; path = Info.plist; sourceTree = "<group>"; };
		EE9EE9542407333300EDA67F /* AddCommentCell.swift */ = {isa = PBXFileReference; lastKnownFileType = sourcecode.swift; path = AddCommentCell.swift; sourceTree = "<group>"; };
		EEB386FC2405FE70008C87DF /* CommentCell.swift */ = {isa = PBXFileReference; lastKnownFileType = sourcecode.swift; path = CommentCell.swift; sourceTree = "<group>"; };
		F3DD0F32F92EEB48D785B2B4 /* Pods_Parstagram_ParstagramUITests.framework */ = {isa = PBXFileReference; explicitFileType = wrapper.framework; includeInIndex = 0; path = Pods_Parstagram_ParstagramUITests.framework; sourceTree = BUILT_PRODUCTS_DIR; };
/* End PBXFileReference section */

/* Begin PBXFrameworksBuildPhase section */
		EE6DB2ED23FB5E3A007B077E /* Frameworks */ = {
			isa = PBXFrameworksBuildPhase;
			buildActionMask = 2147483647;
			files = (
				DE1FF23C326580716CE9CEB7 /* Pods_Parstagram.framework in Frameworks */,
			);
			runOnlyForDeploymentPostprocessing = 0;
		};
		EE6DB30323FB5E40007B077E /* Frameworks */ = {
			isa = PBXFrameworksBuildPhase;
			buildActionMask = 2147483647;
			files = (
				C1616A2C0B2DFCBE19FC55E7 /* Pods_ParstagramTests.framework in Frameworks */,
			);
			runOnlyForDeploymentPostprocessing = 0;
		};
		EE6DB30E23FB5E40007B077E /* Frameworks */ = {
			isa = PBXFrameworksBuildPhase;
			buildActionMask = 2147483647;
			files = (
				9F89E1CCCAEB4927A964F11A /* Pods_Parstagram_ParstagramUITests.framework in Frameworks */,
			);
			runOnlyForDeploymentPostprocessing = 0;
		};
/* End PBXFrameworksBuildPhase section */

/* Begin PBXGroup section */
		48B3AE3A9276A0801D92D0FF /* Pods */ = {
			isa = PBXGroup;
			children = (
				132C8FCA04800292B2D381E5 /* Pods-Parstagram.debug.xcconfig */,
				789D8E0E9AF47A09D68C307F /* Pods-Parstagram.release.xcconfig */,
				509CE05DD90B2AECD42F48FF /* Pods-Parstagram-ParstagramUITests.debug.xcconfig */,
				358DB2638DABAD381653038D /* Pods-Parstagram-ParstagramUITests.release.xcconfig */,
				E68DB67E3BBC98E7667BBABB /* Pods-ParstagramTests.debug.xcconfig */,
				C38EEDD7904A59BFA365FF08 /* Pods-ParstagramTests.release.xcconfig */,
			);
			path = Pods;
			sourceTree = "<group>";
		};
		9BA8DB4A56E30B6E44C54C8E /* Frameworks */ = {
			isa = PBXGroup;
			children = (
				5E7EF5BFCC77D04019805A56 /* Pods_Parstagram.framework */,
				F3DD0F32F92EEB48D785B2B4 /* Pods_Parstagram_ParstagramUITests.framework */,
				74A2E14EE4068760E9231860 /* Pods_ParstagramTests.framework */,
			);
			name = Frameworks;
			sourceTree = "<group>";
		};
		EE6DB2E723FB5E3A007B077E = {
			isa = PBXGroup;
			children = (
				EE6DB2F223FB5E3A007B077E /* Parstagram */,
				EE6DB30923FB5E40007B077E /* ParstagramTests */,
				EE6DB31423FB5E40007B077E /* ParstagramUITests */,
				EE6DB2F123FB5E3A007B077E /* Products */,
				48B3AE3A9276A0801D92D0FF /* Pods */,
				9BA8DB4A56E30B6E44C54C8E /* Frameworks */,
			);
			sourceTree = "<group>";
		};
		EE6DB2F123FB5E3A007B077E /* Products */ = {
			isa = PBXGroup;
			children = (
				EE6DB2F023FB5E3A007B077E /* Parstagram.app */,
				EE6DB30623FB5E40007B077E /* ParstagramTests.xctest */,
				EE6DB31123FB5E40007B077E /* ParstagramUITests.xctest */,
			);
			name = Products;
			sourceTree = "<group>";
		};
		EE6DB2F223FB5E3A007B077E /* Parstagram */ = {
			isa = PBXGroup;
			children = (
				EE6DB2F323FB5E3A007B077E /* AppDelegate.swift */,
				EE6DB2F523FB5E3A007B077E /* SceneDelegate.swift */,
				EE6DB2F923FB5E3A007B077E /* Main.storyboard */,
				EE9EE9542407333300EDA67F /* AddCommentCell.swift */,
				EEB386FC2405FE70008C87DF /* CommentCell.swift */,
				EE27B35B24031CD80051AB3F /* PostCell.swift */,
				EE27B3592402EE600051AB3F /* CameraViewController.swift */,
				EE27B3552402E00D0051AB3F /* LoginViewController.swift */,
				EE27B3572402E01E0051AB3F /* FeedViewController.swift */,
				EE6DB2FC23FB5E40007B077E /* Assets.xcassets */,
				EE6DB2FE23FB5E40007B077E /* LaunchScreen.storyboard */,
				EE6DB30123FB5E40007B077E /* Info.plist */,
			);
			path = Parstagram;
			sourceTree = "<group>";
		};
		EE6DB30923FB5E40007B077E /* ParstagramTests */ = {
			isa = PBXGroup;
			children = (
				EE6DB30A23FB5E40007B077E /* ParstagramTests.swift */,
				EE6DB30C23FB5E40007B077E /* Info.plist */,
			);
			path = ParstagramTests;
			sourceTree = "<group>";
		};
		EE6DB31423FB5E40007B077E /* ParstagramUITests */ = {
			isa = PBXGroup;
			children = (
				EE6DB31523FB5E40007B077E /* ParstagramUITests.swift */,
				EE6DB31723FB5E40007B077E /* Info.plist */,
			);
			path = ParstagramUITests;
			sourceTree = "<group>";
		};
/* End PBXGroup section */

/* Begin PBXNativeTarget section */
		EE6DB2EF23FB5E3A007B077E /* Parstagram */ = {
			isa = PBXNativeTarget;
			buildConfigurationList = EE6DB31A23FB5E40007B077E /* Build configuration list for PBXNativeTarget "Parstagram" */;
			buildPhases = (
				4929F894BDFB1B4043485BFE /* [CP] Check Pods Manifest.lock */,
				EE6DB2EC23FB5E3A007B077E /* Sources */,
				EE6DB2ED23FB5E3A007B077E /* Frameworks */,
				EE6DB2EE23FB5E3A007B077E /* Resources */,
				985281EC805E10E1E14762DC /* [CP] Embed Pods Frameworks */,
			);
			buildRules = (
			);
			dependencies = (
			);
			name = Parstagram;
			productName = Parstagram;
			productReference = EE6DB2F023FB5E3A007B077E /* Parstagram.app */;
			productType = "com.apple.product-type.application";
		};
		EE6DB30523FB5E40007B077E /* ParstagramTests */ = {
			isa = PBXNativeTarget;
			buildConfigurationList = EE6DB31D23FB5E40007B077E /* Build configuration list for PBXNativeTarget "ParstagramTests" */;
			buildPhases = (
				0A908796E985E84527BB044B /* [CP] Check Pods Manifest.lock */,
				EE6DB30223FB5E40007B077E /* Sources */,
				EE6DB30323FB5E40007B077E /* Frameworks */,
				EE6DB30423FB5E40007B077E /* Resources */,
			);
			buildRules = (
			);
			dependencies = (
				EE6DB30823FB5E40007B077E /* PBXTargetDependency */,
			);
			name = ParstagramTests;
			productName = ParstagramTests;
			productReference = EE6DB30623FB5E40007B077E /* ParstagramTests.xctest */;
			productType = "com.apple.product-type.bundle.unit-test";
		};
		EE6DB31023FB5E40007B077E /* ParstagramUITests */ = {
			isa = PBXNativeTarget;
			buildConfigurationList = EE6DB32023FB5E40007B077E /* Build configuration list for PBXNativeTarget "ParstagramUITests" */;
			buildPhases = (
				BEAE17EF881FDF5FC2349D95 /* [CP] Check Pods Manifest.lock */,
				EE6DB30D23FB5E40007B077E /* Sources */,
				EE6DB30E23FB5E40007B077E /* Frameworks */,
				EE6DB30F23FB5E40007B077E /* Resources */,
				42D23C30E1AA42CB50AC22CB /* [CP] Embed Pods Frameworks */,
			);
			buildRules = (
			);
			dependencies = (
				EE6DB31323FB5E40007B077E /* PBXTargetDependency */,
			);
			name = ParstagramUITests;
			productName = ParstagramUITests;
			productReference = EE6DB31123FB5E40007B077E /* ParstagramUITests.xctest */;
			productType = "com.apple.product-type.bundle.ui-testing";
		};
/* End PBXNativeTarget section */

/* Begin PBXProject section */
		EE6DB2E823FB5E3A007B077E /* Project object */ = {
			isa = PBXProject;
			attributes = {
				LastSwiftUpdateCheck = 1130;
				LastUpgradeCheck = 1130;
				ORGANIZATIONNAME = "Yamini Ponugoti";
				TargetAttributes = {
					EE6DB2EF23FB5E3A007B077E = {
						CreatedOnToolsVersion = 11.3.1;
					};
					EE6DB30523FB5E40007B077E = {
						CreatedOnToolsVersion = 11.3.1;
						TestTargetID = EE6DB2EF23FB5E3A007B077E;
					};
					EE6DB31023FB5E40007B077E = {
						CreatedOnToolsVersion = 11.3.1;
						TestTargetID = EE6DB2EF23FB5E3A007B077E;
					};
				};
			};
			buildConfigurationList = EE6DB2EB23FB5E3A007B077E /* Build configuration list for PBXProject "Parstagram" */;
			compatibilityVersion = "Xcode 9.3";
			developmentRegion = en;
			hasScannedForEncodings = 0;
			knownRegions = (
				en,
				Base,
			);
			mainGroup = EE6DB2E723FB5E3A007B077E;
			productRefGroup = EE6DB2F123FB5E3A007B077E /* Products */;
			projectDirPath = "";
			projectRoot = "";
			targets = (
				EE6DB2EF23FB5E3A007B077E /* Parstagram */,
				EE6DB30523FB5E40007B077E /* ParstagramTests */,
				EE6DB31023FB5E40007B077E /* ParstagramUITests */,
			);
		};
/* End PBXProject section */

/* Begin PBXResourcesBuildPhase section */
		EE6DB2EE23FB5E3A007B077E /* Resources */ = {
			isa = PBXResourcesBuildPhase;
			buildActionMask = 2147483647;
			files = (
				EE6DB30023FB5E40007B077E /* LaunchScreen.storyboard in Resources */,
				EE6DB2FD23FB5E40007B077E /* Assets.xcassets in Resources */,
				EE6DB2FB23FB5E3A007B077E /* Main.storyboard in Resources */,
			);
			runOnlyForDeploymentPostprocessing = 0;
		};
		EE6DB30423FB5E40007B077E /* Resources */ = {
			isa = PBXResourcesBuildPhase;
			buildActionMask = 2147483647;
			files = (
			);
			runOnlyForDeploymentPostprocessing = 0;
		};
		EE6DB30F23FB5E40007B077E /* Resources */ = {
			isa = PBXResourcesBuildPhase;
			buildActionMask = 2147483647;
			files = (
			);
			runOnlyForDeploymentPostprocessing = 0;
		};
/* End PBXResourcesBuildPhase section */

/* Begin PBXShellScriptBuildPhase section */
		0A908796E985E84527BB044B /* [CP] Check Pods Manifest.lock */ = {
			isa = PBXShellScriptBuildPhase;
			buildActionMask = 2147483647;
			files = (
			);
			inputFileListPaths = (
			);
			inputPaths = (
				"${PODS_PODFILE_DIR_PATH}/Podfile.lock",
				"${PODS_ROOT}/Manifest.lock",
			);
			name = "[CP] Check Pods Manifest.lock";
			outputFileListPaths = (
			);
			outputPaths = (
				"$(DERIVED_FILE_DIR)/Pods-ParstagramTests-checkManifestLockResult.txt",
			);
			runOnlyForDeploymentPostprocessing = 0;
			shellPath = /bin/sh;
			shellScript = "diff \"${PODS_PODFILE_DIR_PATH}/Podfile.lock\" \"${PODS_ROOT}/Manifest.lock\" > /dev/null\nif [ $? != 0 ] ; then\n    # print error to STDERR\n    echo \"error: The sandbox is not in sync with the Podfile.lock. Run 'pod install' or update your CocoaPods installation.\" >&2\n    exit 1\nfi\n# This output is used by Xcode 'outputs' to avoid re-running this script phase.\necho \"SUCCESS\" > \"${SCRIPT_OUTPUT_FILE_0}\"\n";
			showEnvVarsInLog = 0;
		};
		42D23C30E1AA42CB50AC22CB /* [CP] Embed Pods Frameworks */ = {
			isa = PBXShellScriptBuildPhase;
			buildActionMask = 2147483647;
			files = (
			);
			inputFileListPaths = (
				"${PODS_ROOT}/Target Support Files/Pods-Parstagram-ParstagramUITests/Pods-Parstagram-ParstagramUITests-frameworks-${CONFIGURATION}-input-files.xcfilelist",
			);
			name = "[CP] Embed Pods Frameworks";
			outputFileListPaths = (
				"${PODS_ROOT}/Target Support Files/Pods-Parstagram-ParstagramUITests/Pods-Parstagram-ParstagramUITests-frameworks-${CONFIGURATION}-output-files.xcfilelist",
			);
			runOnlyForDeploymentPostprocessing = 0;
			shellPath = /bin/sh;
			shellScript = "\"${PODS_ROOT}/Target Support Files/Pods-Parstagram-ParstagramUITests/Pods-Parstagram-ParstagramUITests-frameworks.sh\"\n";
			showEnvVarsInLog = 0;
		};
		4929F894BDFB1B4043485BFE /* [CP] Check Pods Manifest.lock */ = {
			isa = PBXShellScriptBuildPhase;
			buildActionMask = 2147483647;
			files = (
			);
			inputFileListPaths = (
			);
			inputPaths = (
				"${PODS_PODFILE_DIR_PATH}/Podfile.lock",
				"${PODS_ROOT}/Manifest.lock",
			);
			name = "[CP] Check Pods Manifest.lock";
			outputFileListPaths = (
			);
			outputPaths = (
				"$(DERIVED_FILE_DIR)/Pods-Parstagram-checkManifestLockResult.txt",
			);
			runOnlyForDeploymentPostprocessing = 0;
			shellPath = /bin/sh;
			shellScript = "diff \"${PODS_PODFILE_DIR_PATH}/Podfile.lock\" \"${PODS_ROOT}/Manifest.lock\" > /dev/null\nif [ $? != 0 ] ; then\n    # print error to STDERR\n    echo \"error: The sandbox is not in sync with the Podfile.lock. Run 'pod install' or update your CocoaPods installation.\" >&2\n    exit 1\nfi\n# This output is used by Xcode 'outputs' to avoid re-running this script phase.\necho \"SUCCESS\" > \"${SCRIPT_OUTPUT_FILE_0}\"\n";
			showEnvVarsInLog = 0;
		};
		985281EC805E10E1E14762DC /* [CP] Embed Pods Frameworks */ = {
			isa = PBXShellScriptBuildPhase;
			buildActionMask = 2147483647;
			files = (
			);
			inputFileListPaths = (
				"${PODS_ROOT}/Target Support Files/Pods-Parstagram/Pods-Parstagram-frameworks-${CONFIGURATION}-input-files.xcfilelist",
			);
			name = "[CP] Embed Pods Frameworks";
			outputFileListPaths = (
				"${PODS_ROOT}/Target Support Files/Pods-Parstagram/Pods-Parstagram-frameworks-${CONFIGURATION}-output-files.xcfilelist",
			);
			runOnlyForDeploymentPostprocessing = 0;
			shellPath = /bin/sh;
			shellScript = "\"${PODS_ROOT}/Target Support Files/Pods-Parstagram/Pods-Parstagram-frameworks.sh\"\n";
			showEnvVarsInLog = 0;
		};
		BEAE17EF881FDF5FC2349D95 /* [CP] Check Pods Manifest.lock */ = {
			isa = PBXShellScriptBuildPhase;
			buildActionMask = 2147483647;
			files = (
			);
			inputFileListPaths = (
			);
			inputPaths = (
				"${PODS_PODFILE_DIR_PATH}/Podfile.lock",
				"${PODS_ROOT}/Manifest.lock",
			);
			name = "[CP] Check Pods Manifest.lock";
			outputFileListPaths = (
			);
			outputPaths = (
				"$(DERIVED_FILE_DIR)/Pods-Parstagram-ParstagramUITests-checkManifestLockResult.txt",
			);
			runOnlyForDeploymentPostprocessing = 0;
			shellPath = /bin/sh;
			shellScript = "diff \"${PODS_PODFILE_DIR_PATH}/Podfile.lock\" \"${PODS_ROOT}/Manifest.lock\" > /dev/null\nif [ $? != 0 ] ; then\n    # print error to STDERR\n    echo \"error: The sandbox is not in sync with the Podfile.lock. Run 'pod install' or update your CocoaPods installation.\" >&2\n    exit 1\nfi\n# This output is used by Xcode 'outputs' to avoid re-running this script phase.\necho \"SUCCESS\" > \"${SCRIPT_OUTPUT_FILE_0}\"\n";
			showEnvVarsInLog = 0;
		};
/* End PBXShellScriptBuildPhase section */

/* Begin PBXSourcesBuildPhase section */
		EE6DB2EC23FB5E3A007B077E /* Sources */ = {
			isa = PBXSourcesBuildPhase;
			buildActionMask = 2147483647;
			files = (
				EE27B3562402E00D0051AB3F /* LoginViewController.swift in Sources */,
				EE27B35A2402EE600051AB3F /* CameraViewController.swift in Sources */,
				EE6DB2F423FB5E3A007B077E /* AppDelegate.swift in Sources */,
				EE9EE9552407333300EDA67F /* AddCommentCell.swift in Sources */,
				EE27B3582402E01E0051AB3F /* FeedViewController.swift in Sources */,
				EE6DB2F623FB5E3A007B077E /* SceneDelegate.swift in Sources */,
				EE27B35C24031CD80051AB3F /* PostCell.swift in Sources */,
				EEB386FD2405FE70008C87DF /* CommentCell.swift in Sources */,
			);
			runOnlyForDeploymentPostprocessing = 0;
		};
		EE6DB30223FB5E40007B077E /* Sources */ = {
			isa = PBXSourcesBuildPhase;
			buildActionMask = 2147483647;
			files = (
				EE6DB30B23FB5E40007B077E /* ParstagramTests.swift in Sources */,
			);
			runOnlyForDeploymentPostprocessing = 0;
		};
		EE6DB30D23FB5E40007B077E /* Sources */ = {
			isa = PBXSourcesBuildPhase;
			buildActionMask = 2147483647;
			files = (
				EE6DB31623FB5E40007B077E /* ParstagramUITests.swift in Sources */,
			);
			runOnlyForDeploymentPostprocessing = 0;
		};
/* End PBXSourcesBuildPhase section */

/* Begin PBXTargetDependency section */
		EE6DB30823FB5E40007B077E /* PBXTargetDependency */ = {
			isa = PBXTargetDependency;
			target = EE6DB2EF23FB5E3A007B077E /* Parstagram */;
			targetProxy = EE6DB30723FB5E40007B077E /* PBXContainerItemProxy */;
		};
		EE6DB31323FB5E40007B077E /* PBXTargetDependency */ = {
			isa = PBXTargetDependency;
			target = EE6DB2EF23FB5E3A007B077E /* Parstagram */;
			targetProxy = EE6DB31223FB5E40007B077E /* PBXContainerItemProxy */;
		};
/* End PBXTargetDependency section */

/* Begin PBXVariantGroup section */
		EE6DB2F923FB5E3A007B077E /* Main.storyboard */ = {
			isa = PBXVariantGroup;
			children = (
				EE6DB2FA23FB5E3A007B077E /* Base */,
			);
			name = Main.storyboard;
			sourceTree = "<group>";
		};
		EE6DB2FE23FB5E40007B077E /* LaunchScreen.storyboard */ = {
			isa = PBXVariantGroup;
			children = (
				EE6DB2FF23FB5E40007B077E /* Base */,
			);
			name = LaunchScreen.storyboard;
			sourceTree = "<group>";
		};
/* End PBXVariantGroup section */

/* Begin XCBuildConfiguration section */
		EE6DB31823FB5E40007B077E /* Debug */ = {
			isa = XCBuildConfiguration;
			buildSettings = {
				ALWAYS_SEARCH_USER_PATHS = NO;
				CLANG_ANALYZER_NONNULL = YES;
				CLANG_ANALYZER_NUMBER_OBJECT_CONVERSION = YES_AGGRESSIVE;
				CLANG_CXX_LANGUAGE_STANDARD = "gnu++14";
				CLANG_CXX_LIBRARY = "libc++";
				CLANG_ENABLE_MODULES = YES;
				CLANG_ENABLE_OBJC_ARC = YES;
				CLANG_ENABLE_OBJC_WEAK = YES;
				CLANG_WARN_BLOCK_CAPTURE_AUTORELEASING = YES;
				CLANG_WARN_BOOL_CONVERSION = YES;
				CLANG_WARN_COMMA = YES;
				CLANG_WARN_CONSTANT_CONVERSION = YES;
				CLANG_WARN_DEPRECATED_OBJC_IMPLEMENTATIONS = YES;
				CLANG_WARN_DIRECT_OBJC_ISA_USAGE = YES_ERROR;
				CLANG_WARN_DOCUMENTATION_COMMENTS = YES;
				CLANG_WARN_EMPTY_BODY = YES;
				CLANG_WARN_ENUM_CONVERSION = YES;
				CLANG_WARN_INFINITE_RECURSION = YES;
				CLANG_WARN_INT_CONVERSION = YES;
				CLANG_WARN_NON_LITERAL_NULL_CONVERSION = YES;
				CLANG_WARN_OBJC_IMPLICIT_RETAIN_SELF = YES;
				CLANG_WARN_OBJC_LITERAL_CONVERSION = YES;
				CLANG_WARN_OBJC_ROOT_CLASS = YES_ERROR;
				CLANG_WARN_RANGE_LOOP_ANALYSIS = YES;
				CLANG_WARN_STRICT_PROTOTYPES = YES;
				CLANG_WARN_SUSPICIOUS_MOVE = YES;
				CLANG_WARN_UNGUARDED_AVAILABILITY = YES_AGGRESSIVE;
				CLANG_WARN_UNREACHABLE_CODE = YES;
				CLANG_WARN__DUPLICATE_METHOD_MATCH = YES;
				COPY_PHASE_STRIP = NO;
				DEBUG_INFORMATION_FORMAT = dwarf;
				ENABLE_STRICT_OBJC_MSGSEND = YES;
				ENABLE_TESTABILITY = YES;
				GCC_C_LANGUAGE_STANDARD = gnu11;
				GCC_DYNAMIC_NO_PIC = NO;
				GCC_NO_COMMON_BLOCKS = YES;
				GCC_OPTIMIZATION_LEVEL = 0;
				GCC_PREPROCESSOR_DEFINITIONS = (
					"DEBUG=1",
					"$(inherited)",
				);
				GCC_WARN_64_TO_32_BIT_CONVERSION = YES;
				GCC_WARN_ABOUT_RETURN_TYPE = YES_ERROR;
				GCC_WARN_UNDECLARED_SELECTOR = YES;
				GCC_WARN_UNINITIALIZED_AUTOS = YES_AGGRESSIVE;
				GCC_WARN_UNUSED_FUNCTION = YES;
				GCC_WARN_UNUSED_VARIABLE = YES;
				IPHONEOS_DEPLOYMENT_TARGET = 13.2;
				MTL_ENABLE_DEBUG_INFO = INCLUDE_SOURCE;
				MTL_FAST_MATH = YES;
				ONLY_ACTIVE_ARCH = YES;
				SDKROOT = iphoneos;
				SWIFT_ACTIVE_COMPILATION_CONDITIONS = DEBUG;
				SWIFT_OPTIMIZATION_LEVEL = "-Onone";
			};
			name = Debug;
		};
		EE6DB31923FB5E40007B077E /* Release */ = {
			isa = XCBuildConfiguration;
			buildSettings = {
				ALWAYS_SEARCH_USER_PATHS = NO;
				CLANG_ANALYZER_NONNULL = YES;
				CLANG_ANALYZER_NUMBER_OBJECT_CONVERSION = YES_AGGRESSIVE;
				CLANG_CXX_LANGUAGE_STANDARD = "gnu++14";
				CLANG_CXX_LIBRARY = "libc++";
				CLANG_ENABLE_MODULES = YES;
				CLANG_ENABLE_OBJC_ARC = YES;
				CLANG_ENABLE_OBJC_WEAK = YES;
				CLANG_WARN_BLOCK_CAPTURE_AUTORELEASING = YES;
				CLANG_WARN_BOOL_CONVERSION = YES;
				CLANG_WARN_COMMA = YES;
				CLANG_WARN_CONSTANT_CONVERSION = YES;
				CLANG_WARN_DEPRECATED_OBJC_IMPLEMENTATIONS = YES;
				CLANG_WARN_DIRECT_OBJC_ISA_USAGE = YES_ERROR;
				CLANG_WARN_DOCUMENTATION_COMMENTS = YES;
				CLANG_WARN_EMPTY_BODY = YES;
				CLANG_WARN_ENUM_CONVERSION = YES;
				CLANG_WARN_INFINITE_RECURSION = YES;
				CLANG_WARN_INT_CONVERSION = YES;
				CLANG_WARN_NON_LITERAL_NULL_CONVERSION = YES;
				CLANG_WARN_OBJC_IMPLICIT_RETAIN_SELF = YES;
				CLANG_WARN_OBJC_LITERAL_CONVERSION = YES;
				CLANG_WARN_OBJC_ROOT_CLASS = YES_ERROR;
				CLANG_WARN_RANGE_LOOP_ANALYSIS = YES;
				CLANG_WARN_STRICT_PROTOTYPES = YES;
				CLANG_WARN_SUSPICIOUS_MOVE = YES;
				CLANG_WARN_UNGUARDED_AVAILABILITY = YES_AGGRESSIVE;
				CLANG_WARN_UNREACHABLE_CODE = YES;
				CLANG_WARN__DUPLICATE_METHOD_MATCH = YES;
				COPY_PHASE_STRIP = NO;
				DEBUG_INFORMATION_FORMAT = "dwarf-with-dsym";
				ENABLE_NS_ASSERTIONS = NO;
				ENABLE_STRICT_OBJC_MSGSEND = YES;
				GCC_C_LANGUAGE_STANDARD = gnu11;
				GCC_NO_COMMON_BLOCKS = YES;
				GCC_WARN_64_TO_32_BIT_CONVERSION = YES;
				GCC_WARN_ABOUT_RETURN_TYPE = YES_ERROR;
				GCC_WARN_UNDECLARED_SELECTOR = YES;
				GCC_WARN_UNINITIALIZED_AUTOS = YES_AGGRESSIVE;
				GCC_WARN_UNUSED_FUNCTION = YES;
				GCC_WARN_UNUSED_VARIABLE = YES;
				IPHONEOS_DEPLOYMENT_TARGET = 13.2;
				MTL_ENABLE_DEBUG_INFO = NO;
				MTL_FAST_MATH = YES;
				SDKROOT = iphoneos;
				SWIFT_COMPILATION_MODE = wholemodule;
				SWIFT_OPTIMIZATION_LEVEL = "-O";
				VALIDATE_PRODUCT = YES;
			};
			name = Release;
		};
		EE6DB31B23FB5E40007B077E /* Debug */ = {
			isa = XCBuildConfiguration;
			baseConfigurationReference = 132C8FCA04800292B2D381E5 /* Pods-Parstagram.debug.xcconfig */;
			buildSettings = {
				ASSETCATALOG_COMPILER_APPICON_NAME = AppIcon;
				CODE_SIGN_STYLE = Automatic;
				INFOPLIST_FILE = Parstagram/Info.plist;
				LD_RUNPATH_SEARCH_PATHS = (
					"$(inherited)",
					"@executable_path/Frameworks",
				);
				PRODUCT_BUNDLE_IDENTIFIER = com.yaminiPonugoti.Parstagram;
				PRODUCT_NAME = "$(TARGET_NAME)";
				SWIFT_VERSION = 5.0;
				TARGETED_DEVICE_FAMILY = "1,2";
			};
			name = Debug;
		};
		EE6DB31C23FB5E40007B077E /* Release */ = {
			isa = XCBuildConfiguration;
			baseConfigurationReference = 789D8E0E9AF47A09D68C307F /* Pods-Parstagram.release.xcconfig */;
			buildSettings = {
				ASSETCATALOG_COMPILER_APPICON_NAME = AppIcon;
				CODE_SIGN_STYLE = Automatic;
				INFOPLIST_FILE = Parstagram/Info.plist;
				LD_RUNPATH_SEARCH_PATHS = (
					"$(inherited)",
					"@executable_path/Frameworks",
				);
				PRODUCT_BUNDLE_IDENTIFIER = com.yaminiPonugoti.Parstagram;
				PRODUCT_NAME = "$(TARGET_NAME)";
				SWIFT_VERSION = 5.0;
				TARGETED_DEVICE_FAMILY = "1,2";
			};
			name = Release;
		};
		EE6DB31E23FB5E40007B077E /* Debug */ = {
			isa = XCBuildConfiguration;
			baseConfigurationReference = E68DB67E3BBC98E7667BBABB /* Pods-ParstagramTests.debug.xcconfig */;
			buildSettings = {
				ALWAYS_EMBED_SWIFT_STANDARD_LIBRARIES = YES;
				BUNDLE_LOADER = "$(TEST_HOST)";
				CODE_SIGN_STYLE = Automatic;
				INFOPLIST_FILE = ParstagramTests/Info.plist;
				IPHONEOS_DEPLOYMENT_TARGET = 13.2;
				LD_RUNPATH_SEARCH_PATHS = (
					"$(inherited)",
					"@executable_path/Frameworks",
					"@loader_path/Frameworks",
				);
				PRODUCT_BUNDLE_IDENTIFIER = com.yaminiPonugoti.ParstagramTests;
				PRODUCT_NAME = "$(TARGET_NAME)";
				SWIFT_VERSION = 5.0;
				TARGETED_DEVICE_FAMILY = "1,2";
				TEST_HOST = "$(BUILT_PRODUCTS_DIR)/Parstagram.app/Parstagram";
			};
			name = Debug;
		};
		EE6DB31F23FB5E40007B077E /* Release */ = {
			isa = XCBuildConfiguration;
			baseConfigurationReference = C38EEDD7904A59BFA365FF08 /* Pods-ParstagramTests.release.xcconfig */;
			buildSettings = {
				ALWAYS_EMBED_SWIFT_STANDARD_LIBRARIES = YES;
				BUNDLE_LOADER = "$(TEST_HOST)";
				CODE_SIGN_STYLE = Automatic;
				INFOPLIST_FILE = ParstagramTests/Info.plist;
				IPHONEOS_DEPLOYMENT_TARGET = 13.2;
				LD_RUNPATH_SEARCH_PATHS = (
					"$(inherited)",
					"@executable_path/Frameworks",
					"@loader_path/Frameworks",
				);
				PRODUCT_BUNDLE_IDENTIFIER = com.yaminiPonugoti.ParstagramTests;
				PRODUCT_NAME = "$(TARGET_NAME)";
				SWIFT_VERSION = 5.0;
				TARGETED_DEVICE_FAMILY = "1,2";
				TEST_HOST = "$(BUILT_PRODUCTS_DIR)/Parstagram.app/Parstagram";
			};
			name = Release;
		};
		EE6DB32123FB5E40007B077E /* Debug */ = {
			isa = XCBuildConfiguration;
			baseConfigurationReference = 509CE05DD90B2AECD42F48FF /* Pods-Parstagram-ParstagramUITests.debug.xcconfig */;
			buildSettings = {
				ALWAYS_EMBED_SWIFT_STANDARD_LIBRARIES = YES;
				CODE_SIGN_STYLE = Automatic;
				INFOPLIST_FILE = ParstagramUITests/Info.plist;
				LD_RUNPATH_SEARCH_PATHS = (
					"$(inherited)",
					"@executable_path/Frameworks",
					"@loader_path/Frameworks",
				);
				PRODUCT_BUNDLE_IDENTIFIER = com.yaminiPonugoti.ParstagramUITests;
				PRODUCT_NAME = "$(TARGET_NAME)";
				SWIFT_VERSION = 5.0;
				TARGETED_DEVICE_FAMILY = "1,2";
				TEST_TARGET_NAME = Parstagram;
			};
			name = Debug;
		};
		EE6DB32223FB5E40007B077E /* Release */ = {
			isa = XCBuildConfiguration;
			baseConfigurationReference = 358DB2638DABAD381653038D /* Pods-Parstagram-ParstagramUITests.release.xcconfig */;
			buildSettings = {
				ALWAYS_EMBED_SWIFT_STANDARD_LIBRARIES = YES;
				CODE_SIGN_STYLE = Automatic;
				INFOPLIST_FILE = ParstagramUITests/Info.plist;
				LD_RUNPATH_SEARCH_PATHS = (
					"$(inherited)",
					"@executable_path/Frameworks",
					"@loader_path/Frameworks",
				);
				PRODUCT_BUNDLE_IDENTIFIER = com.yaminiPonugoti.ParstagramUITests;
				PRODUCT_NAME = "$(TARGET_NAME)";
				SWIFT_VERSION = 5.0;
				TARGETED_DEVICE_FAMILY = "1,2";
				TEST_TARGET_NAME = Parstagram;
			};
			name = Release;
		};
/* End XCBuildConfiguration section */

/* Begin XCConfigurationList section */
		EE6DB2EB23FB5E3A007B077E /* Build configuration list for PBXProject "Parstagram" */ = {
			isa = XCConfigurationList;
			buildConfigurations = (
				EE6DB31823FB5E40007B077E /* Debug */,
				EE6DB31923FB5E40007B077E /* Release */,
			);
			defaultConfigurationIsVisible = 0;
			defaultConfigurationName = Release;
		};
		EE6DB31A23FB5E40007B077E /* Build configuration list for PBXNativeTarget "Parstagram" */ = {
			isa = XCConfigurationList;
			buildConfigurations = (
				EE6DB31B23FB5E40007B077E /* Debug */,
				EE6DB31C23FB5E40007B077E /* Release */,
			);
			defaultConfigurationIsVisible = 0;
			defaultConfigurationName = Release;
		};
		EE6DB31D23FB5E40007B077E /* Build configuration list for PBXNativeTarget "ParstagramTests" */ = {
			isa = XCConfigurationList;
			buildConfigurations = (
				EE6DB31E23FB5E40007B077E /* Debug */,
				EE6DB31F23FB5E40007B077E /* Release */,
			);
			defaultConfigurationIsVisible = 0;
			defaultConfigurationName = Release;
		};
		EE6DB32023FB5E40007B077E /* Build configuration list for PBXNativeTarget "ParstagramUITests" */ = {
			isa = XCConfigurationList;
			buildConfigurations = (
				EE6DB32123FB5E40007B077E /* Debug */,
				EE6DB32223FB5E40007B077E /* Release */,
			);
			defaultConfigurationIsVisible = 0;
			defaultConfigurationName = Release;
		};
/* End XCConfigurationList section */
	};
	rootObject = EE6DB2E823FB5E3A007B077E /* Project object */;
}
